
Microsoft Visual Studio Solution File, Format Version 12.00
# Visual Studio Version 17
VisualStudioVersion = 17.1.32328.378
MinimumVisualStudioVersion = 10.0.40219.1
Project("{9A19103F-16F7-4668-BE54-9A1E7A4F7556}") = "ArithmeticService", "ArithmeticService\ArithmeticService.csproj", "{6F8B3E48-8C90-41D5-A36E-FAF09FD110F5}"
EndProject
Project("{9A19103F-16F7-4668-BE54-9A1E7A4F7556}") = "ConversionService", "ConversionService\ConversionService.csproj", "{7BBCC3C8-B78B-4B0A-B869-6ED411290C64}"
EndProject
Project("{FAE04EC0-301F-11D3-BF4B-00C04F79EFBC}") = "K8Configs", "K8Configs\K8Configs.csproj", "{E86681A6-3062-4157-91F3-60379FF33E75}"
EndProject
Global
	GlobalSection(SolutionConfigurationPlatforms) = preSolution
		Debug|Any CPU = Debug|Any CPU
		Debug|x64 = Debug|x64
		Debug|x86 = Debug|x86
		Release|Any CPU = Release|Any CPU
		Release|x64 = Release|x64
		Release|x86 = Release|x86
	EndGlobalSection
	GlobalSection(ProjectConfigurationPlatforms) = postSolution
		{6F8B3E48-8C90-41D5-A36E-FAF09FD110F5}.Debug|Any CPU.ActiveCfg = Debug|Any CPU
		{6F8B3E48-8C90-41D5-A36E-FAF09FD110F5}.Debug|Any CPU.Build.0 = Debug|Any CPU
		{6F8B3E48-8C90-41D5-A36E-FAF09FD110F5}.Debug|x64.ActiveCfg = Debug|Any CPU
		{6F8B3E48-8C90-41D5-A36E-FAF09FD110F5}.Debug|x64.Build.0 = Debug|Any CPU
		{6F8B3E48-8C90-41D5-A36E-FAF09FD110F5}.Debug|x86.ActiveCfg = Debug|Any CPU
		{6F8B3E48-8C90-41D5-A36E-FAF09FD110F5}.Debug|x86.Build.0 = Debug|Any CPU
		{6F8B3E48-8C90-41D5-A36E-FAF09FD110F5}.Release|Any CPU.ActiveCfg = Release|Any CPU
		{6F8B3E48-8C90-41D5-A36E-FAF09FD110F5}.Release|Any CPU.Build.0 = Release|Any CPU
		{6F8B3E48-8C90-41D5-A36E-FAF09FD110F5}.Release|x64.ActiveCfg = Release|Any CPU
		{6F8B3E48-8C90-41D5-A36E-FAF09FD110F5}.Release|x64.Build.0 = Release|Any CPU
		{6F8B3E48-8C90-41D5-A36E-FAF09FD110F5}.Release|x86.ActiveCfg = Release|Any CPU
		{6F8B3E48-8C90-41D5-A36E-FAF09FD110F5}.Release|x86.Build.0 = Release|Any CPU
		{7BBCC3C8-B78B-4B0A-B869-6ED411290C64}.Debug|Any CPU.ActiveCfg = Debug|Any CPU
		{7BBCC3C8-B78B-4B0A-B869-6ED411290C64}.Debug|Any CPU.Build.0 = Debug|Any CPU
		{7BBCC3C8-B78B-4B0A-B869-6ED411290C64}.Debug|x64.ActiveCfg = Debug|Any CPU
		{7BBCC3C8-B78B-4B0A-B869-6ED411290C64}.Debug|x64.Build.0 = Debug|Any CPU
		{7BBCC3C8-B78B-4B0A-B869-6ED411290C64}.Debug|x86.ActiveCfg = Debug|Any CPU
		{7BBCC3C8-B78B-4B0A-B869-6ED411290C64}.Debug|x86.Build.0 = Debug|Any CPU
		{7BBCC3C8-B78B-4B0A-B869-6ED411290C64}.Release|Any CPU.ActiveCfg = Release|Any CPU
		{7BBCC3C8-B78B-4B0A-B869-6ED411290C64}.Release|Any CPU.Build.0 = Release|Any CPU
		{7BBCC3C8-B78B-4B0A-B869-6ED411290C64}.Release|x64.ActiveCfg = Release|Any CPU
		{7BBCC3C8-B78B-4B0A-B869-6ED411290C64}.Release|x64.Build.0 = Release|Any CPU
		{7BBCC3C8-B78B-4B0A-B869-6ED411290C64}.Release|x86.ActiveCfg = Release|Any CPU
		{7BBCC3C8-B78B-4B0A-B869-6ED411290C64}.Release|x86.Build.0 = Release|Any CPU
		{E86681A6-3062-4157-91F3-60379FF33E75}.Debug|Any CPU.ActiveCfg = Debug|Any CPU
		{E86681A6-3062-4157-91F3-60379FF33E75}.Debug|Any CPU.Build.0 = Debug|Any CPU
		{E86681A6-3062-4157-91F3-60379FF33E75}.Debug|x64.ActiveCfg = Debug|Any CPU
		{E86681A6-3062-4157-91F3-60379FF33E75}.Debug|x64.Build.0 = Debug|Any CPU
		{E86681A6-3062-4157-91F3-60379FF33E75}.Debug|x86.ActiveCfg = Debug|Any CPU
		{E86681A6-3062-4157-91F3-60379FF33E75}.Debug|x86.Build.0 = Debug|Any CPU
		{E86681A6-3062-4157-91F3-60379FF33E75}.Release|Any CPU.ActiveCfg = Release|Any CPU
		{E86681A6-3062-4157-91F3-60379FF33E75}.Release|Any CPU.Build.0 = Release|Any CPU
		{E86681A6-3062-4157-91F3-60379FF33E75}.Release|x64.ActiveCfg = Release|Any CPU
		{E86681A6-3062-4157-91F3-60379FF33E75}.Release|x64.Build.0 = Release|Any CPU
		{E86681A6-3062-4157-91F3-60379FF33E75}.Release|x86.ActiveCfg = Release|Any CPU
		{E86681A6-3062-4157-91F3-60379FF33E75}.Release|x86.Build.0 = Release|Any CPU
	EndGlobalSection
	GlobalSection(SolutionProperties) = preSolution
		HideSolutionNode = FALSE
	EndGlobalSection
	GlobalSection(ExtensibilityGlobals) = postSolution
		SolutionGuid = {1252AE79-E86F-4DA7-A93B-8CAC3DD0CFFF}
	EndGlobalSection
EndGlobal
